
Microsoft Visual Studio Solution File, Format Version 12.00
# Visual Studio Version 16
VisualStudioVersion = 16.0.810.13
MinimumVisualStudioVersion = 10.0.40219.1
Project("{FAE04EC0-301F-11D3-BF4B-00C04F79EFBC}") = "STOCMA", "STOCMA\STOCMA.csproj", "{7E179C23-3F0E-4CDD-B5AE-0B1CB0F226A5}"
EndProject
Global
	GlobalSection(SolutionConfigurationPlatforms) = preSolution
		Debug|Any CPU = Debug|Any CPU
		Release|Any CPU = Release|Any CPU
	EndGlobalSection
	GlobalSection(ProjectConfigurationPlatforms) = postSolution
		{7E179C23-3F0E-4CDD-B5AE-0B1CB0F226A5}.Debug|Any CPU.ActiveCfg = Debug|Any CPU
		{7E179C23-3F0E-4CDD-B5AE-0B1CB0F226A5}.Debug|Any CPU.Build.0 = Debug|Any CPU
		{7E179C23-3F0E-4CDD-B5AE-0B1CB0F226A5}.Release|Any CPU.ActiveCfg = Release|Any CPU
		{7E179C23-3F0E-4CDD-B5AE-0B1CB0F226A5}.Release|Any CPU.Build.0 = Release|Any CPU
	EndGlobalSection
	GlobalSection(SolutionProperties) = preSolution
		HideSolutionNode = FALSE
	EndGlobalSection
	GlobalSection(ExtensibilityGlobals) = postSolution
		SolutionGuid = {1230CBAD-2EA5-4330-B888-E37ACEB0A900}
	EndGlobalSection
EndGlobal
